{
  "projects": [
    {
      "projectId": "3BHMWCYAenCmWb8ThbnzeF",
      "version": "latest",
      "dependencies": {},
      "lang": "ts",
      "fileLocks": [
        {
          "type": "globalVariant",
          "assetId": "OhEUf6Jd0eV8",
          "checksum": "55ca944a8d953e9fad6e251b142e79bc"
        },
        {
          "type": "globalVariant",
          "assetId": "yBTVTgAz2Co9",
          "checksum": "f3b24ca22dabda55cf54009b1d362219"
        },
        {
          "type": "renderModule",
          "assetId": "hrYQ4m0Jw_i4",
          "checksum": "556867a9a26257664656a3dfa4e8e4cc"
        },
        {
          "type": "cssRules",
          "assetId": "hrYQ4m0Jw_i4",
          "checksum": "556867a9a26257664656a3dfa4e8e4cc"
        },
        {
          "type": "renderModule",
          "assetId": "YklQ4BJbkrNW",
          "checksum": "de4ce80f54f955c02fad769afb2039b2"
        },
        {
          "type": "cssRules",
          "assetId": "YklQ4BJbkrNW",
          "checksum": "de4ce80f54f955c02fad769afb2039b2"
        },
        {
          "assetId": "3BHMWCYAenCmWb8ThbnzeF",
          "type": "projectCss",
          "checksum": "a916f86d15e9d3045d2b864635c61d64"
        }
      ],
      "codegenVersion": "0.0.1"
    }
  ],
  "cliVersion": "0.1.331"
}
