{
  "projects": [
    {
      "projectId": "3BHMWCYAenCmWb8ThbnzeF",
      "version": "latest",
      "dependencies": {},
      "lang": "ts",
      "fileLocks": [
        {
          "type": "globalVariant",
          "assetId": "OhEUf6Jd0eV8",
          "checksum": "55ca944a8d953e9fad6e251b142e79bc"
        },
        {
          "type": "globalVariant",
          "assetId": "yBTVTgAz2Co9",
          "checksum": "f3b24ca22dabda55cf54009b1d362219"
        },
        {
          "type": "renderModule",
          "assetId": "hrYQ4m0Jw_i4",
          "checksum": "85de7a1c380cecc067047012fd7ef4b7"
        },
        {
          "type": "cssRules",
          "assetId": "hrYQ4m0Jw_i4",
          "checksum": "85de7a1c380cecc067047012fd7ef4b7"
        },
        {
          "type": "renderModule",
          "assetId": "YklQ4BJbkrNW",
          "checksum": "cea120dabd4642e79416a93f154ab941"
        },
        {
          "type": "cssRules",
          "assetId": "YklQ4BJbkrNW",
          "checksum": "cea120dabd4642e79416a93f154ab941"
        },
        {
          "assetId": "3BHMWCYAenCmWb8ThbnzeF",
          "type": "projectCss",
          "checksum": "b8beb7c1d30d159c72926686f279b8ea"
        }
      ],
      "codegenVersion": "0.0.1"
    }
  ],
  "cliVersion": "0.1.331"
}
