{
  "projects": [
    {
      "projectId": "3BHMWCYAenCmWb8ThbnzeF",
      "version": "latest",
      "dependencies": {},
      "lang": "ts",
      "fileLocks": [
        {
          "type": "globalVariant",
          "assetId": "OhEUf6Jd0eV8",
          "checksum": "55ca944a8d953e9fad6e251b142e79bc"
        },
        {
          "type": "globalVariant",
          "assetId": "yBTVTgAz2Co9",
          "checksum": "1fa9c802d5a085f1d24a7d61f5299119"
        },
        {
          "type": "renderModule",
          "assetId": "hrYQ4m0Jw_i4",
          "checksum": "cf3313501724333c6e6463023de105e7"
        },
        {
          "type": "cssRules",
          "assetId": "hrYQ4m0Jw_i4",
          "checksum": "cf3313501724333c6e6463023de105e7"
        },
        {
          "type": "renderModule",
          "assetId": "YklQ4BJbkrNW",
          "checksum": "dfaf353460a716218e26e19c60cec7dc"
        },
        {
          "type": "cssRules",
          "assetId": "YklQ4BJbkrNW",
          "checksum": "dfaf353460a716218e26e19c60cec7dc"
        },
        {
          "assetId": "3BHMWCYAenCmWb8ThbnzeF",
          "type": "projectCss",
          "checksum": "4ca89bbcb46492db410099468194ba8a"
        }
      ],
      "codegenVersion": "0.0.1"
    }
  ],
  "cliVersion": "0.1.331"
}
